
Microsoft Visual Studio Solution File, Format Version 12.00
# Visual Studio Version 17
VisualStudioVersion = 17.8.34330.188
MinimumVisualStudioVersion = 10.0.40219.1
Project("{FAE04EC0-301F-11D3-BF4B-00C04F79EFBC}") = "MiniProjectStudent", "MiniProjectStudent\MiniProjectStudent.csproj", "{C667E70A-2F87-4632-B42B-5E323945C9D6}"
EndProject
Global
	GlobalSection(SolutionConfigurationPlatforms) = preSolution
		Debug|Any CPU = Debug|Any CPU
		Release|Any CPU = Release|Any CPU
	EndGlobalSection
	GlobalSection(ProjectConfigurationPlatforms) = postSolution
		{C667E70A-2F87-4632-B42B-5E323945C9D6}.Debug|Any CPU.ActiveCfg = Debug|Any CPU
		{C667E70A-2F87-4632-B42B-5E323945C9D6}.Debug|Any CPU.Build.0 = Debug|Any CPU
		{C667E70A-2F87-4632-B42B-5E323945C9D6}.Release|Any CPU.ActiveCfg = Release|Any CPU
		{C667E70A-2F87-4632-B42B-5E323945C9D6}.Release|Any CPU.Build.0 = Release|Any CPU
	EndGlobalSection
	GlobalSection(SolutionProperties) = preSolution
		HideSolutionNode = FALSE
	EndGlobalSection
	GlobalSection(ExtensibilityGlobals) = postSolution
		SolutionGuid = {A0B45723-AA5B-435A-863D-10EE10D93829}
	EndGlobalSection
EndGlobal
